
Microsoft Visual Studio Solution File, Format Version 12.00
# Visual Studio Version 17
VisualStudioVersion = 17.0.31903.59
MinimumVisualStudioVersion = 10.0.40219.1
Project("{FAE04EC0-301F-11D3-BF4B-00C04F79EFBC}") = "Million.API", "Million.API\Million.API.csproj", "{3AF23F83-CA1C-41A2-9D6F-202844879A2B}"
EndProject
Project("{FAE04EC0-301F-11D3-BF4B-00C04F79EFBC}") = "Million.Application.Interfaces", "Million.Application.Interfaces\Million.Application.Interfaces.csproj", "{C0D59D0B-DBFF-4985-9D2F-78C8BD5C9D2F}"
EndProject
Project("{FAE04EC0-301F-11D3-BF4B-00C04F79EFBC}") = "Million.Application", "Million.Application\Million.Application.csproj", "{FB657CC9-1156-4317-856D-7C5F57A40037}"
EndProject
Project("{FAE04EC0-301F-11D3-BF4B-00C04F79EFBC}") = "Million.DAL.Interfaces", "Million.DAL.Interfaces\Million.DAL.Interfaces.csproj", "{50BC96F1-35B8-46F6-B174-76C3E3CFCEB2}"
EndProject
Project("{FAE04EC0-301F-11D3-BF4B-00C04F79EFBC}") = "Million.DAL", "Million.DAL\Million.DAL.csproj", "{8BF8BC45-5469-4DC4-AAE6-183930392073}"
EndProject
Project("{FAE04EC0-301F-11D3-BF4B-00C04F79EFBC}") = "Million.DTO", "Million.DTO\Million.DTO.csproj", "{AD09FF81-6D25-4783-9FCC-4C2C0A0882E3}"
EndProject
Global
	GlobalSection(SolutionConfigurationPlatforms) = preSolution
		Debug|Any CPU = Debug|Any CPU
		Release|Any CPU = Release|Any CPU
	EndGlobalSection
	GlobalSection(SolutionProperties) = preSolution
		HideSolutionNode = FALSE
	EndGlobalSection
	GlobalSection(ProjectConfigurationPlatforms) = postSolution
		{3AF23F83-CA1C-41A2-9D6F-202844879A2B}.Debug|Any CPU.ActiveCfg = Debug|Any CPU
		{3AF23F83-CA1C-41A2-9D6F-202844879A2B}.Debug|Any CPU.Build.0 = Debug|Any CPU
		{3AF23F83-CA1C-41A2-9D6F-202844879A2B}.Release|Any CPU.ActiveCfg = Release|Any CPU
		{3AF23F83-CA1C-41A2-9D6F-202844879A2B}.Release|Any CPU.Build.0 = Release|Any CPU
		{C0D59D0B-DBFF-4985-9D2F-78C8BD5C9D2F}.Debug|Any CPU.ActiveCfg = Debug|Any CPU
		{C0D59D0B-DBFF-4985-9D2F-78C8BD5C9D2F}.Debug|Any CPU.Build.0 = Debug|Any CPU
		{C0D59D0B-DBFF-4985-9D2F-78C8BD5C9D2F}.Release|Any CPU.ActiveCfg = Release|Any CPU
		{C0D59D0B-DBFF-4985-9D2F-78C8BD5C9D2F}.Release|Any CPU.Build.0 = Release|Any CPU
		{FB657CC9-1156-4317-856D-7C5F57A40037}.Debug|Any CPU.ActiveCfg = Debug|Any CPU
		{FB657CC9-1156-4317-856D-7C5F57A40037}.Debug|Any CPU.Build.0 = Debug|Any CPU
		{FB657CC9-1156-4317-856D-7C5F57A40037}.Release|Any CPU.ActiveCfg = Release|Any CPU
		{FB657CC9-1156-4317-856D-7C5F57A40037}.Release|Any CPU.Build.0 = Release|Any CPU
		{DB579F8B-628F-4609-8729-D5194DC2363B}.Debug|Any CPU.ActiveCfg = Debug|Any CPU
		{DB579F8B-628F-4609-8729-D5194DC2363B}.Debug|Any CPU.Build.0 = Debug|Any CPU
		{DB579F8B-628F-4609-8729-D5194DC2363B}.Release|Any CPU.ActiveCfg = Release|Any CPU
		{DB579F8B-628F-4609-8729-D5194DC2363B}.Release|Any CPU.Build.0 = Release|Any CPU
		{50BC96F1-35B8-46F6-B174-76C3E3CFCEB2}.Debug|Any CPU.ActiveCfg = Debug|Any CPU
		{50BC96F1-35B8-46F6-B174-76C3E3CFCEB2}.Debug|Any CPU.Build.0 = Debug|Any CPU
		{50BC96F1-35B8-46F6-B174-76C3E3CFCEB2}.Release|Any CPU.ActiveCfg = Release|Any CPU
		{50BC96F1-35B8-46F6-B174-76C3E3CFCEB2}.Release|Any CPU.Build.0 = Release|Any CPU
		{8BF8BC45-5469-4DC4-AAE6-183930392073}.Debug|Any CPU.ActiveCfg = Debug|Any CPU
		{8BF8BC45-5469-4DC4-AAE6-183930392073}.Debug|Any CPU.Build.0 = Debug|Any CPU
		{8BF8BC45-5469-4DC4-AAE6-183930392073}.Release|Any CPU.ActiveCfg = Release|Any CPU
		{8BF8BC45-5469-4DC4-AAE6-183930392073}.Release|Any CPU.Build.0 = Release|Any CPU
		{AD09FF81-6D25-4783-9FCC-4C2C0A0882E3}.Debug|Any CPU.ActiveCfg = Debug|Any CPU
		{AD09FF81-6D25-4783-9FCC-4C2C0A0882E3}.Debug|Any CPU.Build.0 = Debug|Any CPU
		{AD09FF81-6D25-4783-9FCC-4C2C0A0882E3}.Release|Any CPU.ActiveCfg = Release|Any CPU
		{AD09FF81-6D25-4783-9FCC-4C2C0A0882E3}.Release|Any CPU.Build.0 = Release|Any CPU
	EndGlobalSection
EndGlobal
